
Microsoft Visual Studio Solution File, Format Version 12.00
Project("{FAE04EC0-301F-11D3-BF4B-00C04F79EFBC}") = "Zadanie2", "Zadanie2\Zadanie2.csproj", "{0E22FEDA-FAAA-4F0F-95A8-31BB6345B03D}"
EndProject
Global
	GlobalSection(SolutionConfigurationPlatforms) = preSolution
		Debug|Any CPU = Debug|Any CPU
		Release|Any CPU = Release|Any CPU
	EndGlobalSection
	GlobalSection(ProjectConfigurationPlatforms) = postSolution
		{0E22FEDA-FAAA-4F0F-95A8-31BB6345B03D}.Debug|Any CPU.ActiveCfg = Debug|Any CPU
		{0E22FEDA-FAAA-4F0F-95A8-31BB6345B03D}.Debug|Any CPU.Build.0 = Debug|Any CPU
		{0E22FEDA-FAAA-4F0F-95A8-31BB6345B03D}.Release|Any CPU.ActiveCfg = Release|Any CPU
		{0E22FEDA-FAAA-4F0F-95A8-31BB6345B03D}.Release|Any CPU.Build.0 = Release|Any CPU
	EndGlobalSection
EndGlobal
